{
  "version": 4,
  "terraform_version": "1.10.5",
  "serial": 2,
  "lineage": "6fbe10fb-2c48-978a-4706-4808bef34069",
  "outputs": {
    "vpc_id": {
      "value": "vpc-09dd53db0342c7729",
      "type": "string"
    }
  },
  "resources": [
    {
      "mode": "managed",
      "type": "aws_vpc",
      "name": "main",
      "provider": "provider[\"registry.terraform.io/hashicorp/aws\"]",
      "instances": [
        {
          "schema_version": 1,
          "attributes": {
            "arn": "arn:aws:ec2:us-east-2:257394490416:vpc/vpc-09dd53db0342c7729",
            "assign_generated_ipv6_cidr_block": false,
            "cidr_block": "10.1.0.0/16",
            "default_network_acl_id": "acl-0c006ff7d9cec72fd",
            "default_route_table_id": "rtb-05a6f8b6102525e03",
            "default_security_group_id": "sg-0519a6367daa3b518",
            "dhcp_options_id": "dopt-09bbeffd842ff5c03",
            "enable_dns_hostnames": false,
            "enable_dns_support": true,
            "enable_network_address_usage_metrics": false,
            "id": "vpc-09dd53db0342c7729",
            "instance_tenancy": "default",
            "ipv4_ipam_pool_id": null,
            "ipv4_netmask_length": null,
            "ipv6_association_id": "",
            "ipv6_cidr_block": "",
            "ipv6_cidr_block_network_border_group": "",
            "ipv6_ipam_pool_id": "",
            "ipv6_netmask_length": 0,
            "main_route_table_id": "rtb-05a6f8b6102525e03",
            "owner_id": "257394490416",
            "tags": {
              "Name": "staging-vpc"
            },
            "tags_all": {
              "Name": "staging-vpc"
            }
          },
          "sensitive_attributes": [],
          "private": "eyJzY2hlbWFfdmVyc2lvbiI6IjEifQ=="
        }
      ]
    }
  ],
  "check_results": null
}
