{
  "version": 4,
  "terraform_version": "1.10.5",
  "serial": 2,
  "lineage": "59435a10-d220-935e-1935-ff96caead460",
  "outputs": {
    "vpc_id": {
      "value": "vpc-05147c05c927df4ca",
      "type": "string"
    }
  },
  "resources": [
    {
      "mode": "managed",
      "type": "aws_vpc",
      "name": "main",
      "provider": "provider[\"registry.terraform.io/hashicorp/aws\"]",
      "instances": [
        {
          "schema_version": 1,
          "attributes": {
            "arn": "arn:aws:ec2:us-east-1:257394490416:vpc/vpc-05147c05c927df4ca",
            "assign_generated_ipv6_cidr_block": false,
            "cidr_block": "10.0.0.0/16",
            "default_network_acl_id": "acl-060b71198d16f8c18",
            "default_route_table_id": "rtb-07157999f0a6839e0",
            "default_security_group_id": "sg-0a1f0d6ee1e726b81",
            "dhcp_options_id": "dopt-04ce3cc0e5af94765",
            "enable_dns_hostnames": false,
            "enable_dns_support": true,
            "enable_network_address_usage_metrics": false,
            "id": "vpc-05147c05c927df4ca",
            "instance_tenancy": "default",
            "ipv4_ipam_pool_id": null,
            "ipv4_netmask_length": null,
            "ipv6_association_id": "",
            "ipv6_cidr_block": "",
            "ipv6_cidr_block_network_border_group": "",
            "ipv6_ipam_pool_id": "",
            "ipv6_netmask_length": 0,
            "main_route_table_id": "rtb-07157999f0a6839e0",
            "owner_id": "257394490416",
            "tags": {
              "Name": "dev-vpc"
            },
            "tags_all": {
              "Name": "dev-vpc"
            }
          },
          "sensitive_attributes": [],
          "private": "eyJzY2hlbWFfdmVyc2lvbiI6IjEifQ=="
        }
      ]
    }
  ],
  "check_results": null
}
